github.com/joho/godotenv v1.4.0 h1:3l4+N6zfMWnkbPEXKng2o2/MR5mSwTrBih4ZEkkz1lg=
github.com/joho/godotenv v1.4.0/go.mod h1:f4LDr5Voq0i2e/R5DDNOoa2zzDfwtkZa6DnEwAbqwq4=
github.com/mailjet/mailjet-apiv3-go v0.0.0-20201009050126-c24bc15a9394 h1:+6kiV40vfmh17TDlZG15C2uGje1/XBGT32j6xKmUkqM=
github.com/mailjet/mailjet-apiv3-go v0.0.0-20201009050126-c24bc15a9394/go.mod h1:ogN8Sxy3n5VKLhQxbtSBM3ICG/VgjXS/akQJIoDSrgA=
